
Microsoft Visual Studio Solution File, Format Version 12.00
# Visual Studio 14
VisualStudioVersion = 14.0.22823.1
MinimumVisualStudioVersion = 10.0.40219.1
Project("{FAE04EC0-301F-11D3-BF4B-00C04F79EFBC}") = "CarwoodsWebApi", "CarwoodsWebApi\CarwoodsWebApi.csproj", "{FDCC8E05-68D9-482A-A926-D88CCDA83728}"
EndProject
Project("{2150E333-8FDC-42A3-9474-1A3956D46DE8}") = "PublishScripts", "PublishScripts", "{FA4690F3-9BCF-4B26-9E89-AAA2DDFA5DF6}"
	ProjectSection(SolutionItems) = preProject
		PublishScripts\AzureWebsitePublishModule.psm1 = PublishScripts\AzureWebsitePublishModule.psm1
		PublishScripts\Publish-WebApplicationWebsite.ps1 = PublishScripts\Publish-WebApplicationWebsite.ps1
	EndProjectSection
EndProject
Project("{2150E333-8FDC-42A3-9474-1A3956D46DE8}") = "Configurations", "Configurations", "{9842550B-3345-440F-AC04-B9DBCA7F0D9A}"
	ProjectSection(SolutionItems) = preProject
		PublishScripts\Configurations\CarwoodsWebApi-WAWS-dev.json = PublishScripts\Configurations\CarwoodsWebApi-WAWS-dev.json
	EndProjectSection
EndProject
Global
	GlobalSection(SolutionConfigurationPlatforms) = preSolution
		Debug|Any CPU = Debug|Any CPU
		Release|Any CPU = Release|Any CPU
	EndGlobalSection
	GlobalSection(ProjectConfigurationPlatforms) = postSolution
		{FDCC8E05-68D9-482A-A926-D88CCDA83728}.Debug|Any CPU.ActiveCfg = Debug|Any CPU
		{FDCC8E05-68D9-482A-A926-D88CCDA83728}.Debug|Any CPU.Build.0 = Debug|Any CPU
		{FDCC8E05-68D9-482A-A926-D88CCDA83728}.Release|Any CPU.ActiveCfg = Release|Any CPU
		{FDCC8E05-68D9-482A-A926-D88CCDA83728}.Release|Any CPU.Build.0 = Release|Any CPU
	EndGlobalSection
	GlobalSection(SolutionProperties) = preSolution
		HideSolutionNode = FALSE
	EndGlobalSection
	GlobalSection(NestedProjects) = preSolution
		{9842550B-3345-440F-AC04-B9DBCA7F0D9A} = {FA4690F3-9BCF-4B26-9E89-AAA2DDFA5DF6}
	EndGlobalSection
EndGlobal
